
Microsoft Visual Studio Solution File, Format Version 12.00
# Visual Studio Version 16
VisualStudioVersion = 16.0.35931.194
MinimumVisualStudioVersion = 10.0.40219.1
Project("{8BC9CEB8-8B4A-11D0-8D11-00A0C91BC942}") = "gomoku", "gomoku\gomoku.vcxproj", "{21DEEEE0-AFA5-4D15-A12A-2A730ADF675C}"
EndProject
Global
	GlobalSection(SolutionConfigurationPlatforms) = preSolution
		Debug|x64 = Debug|x64
		Debug|x86 = Debug|x86
		Release|x64 = Release|x64
		Release|x86 = Release|x86
	EndGlobalSection
	GlobalSection(ProjectConfigurationPlatforms) = postSolution
		{21DEEEE0-AFA5-4D15-A12A-2A730ADF675C}.Debug|x64.ActiveCfg = Debug|x64
		{21DEEEE0-AFA5-4D15-A12A-2A730ADF675C}.Debug|x64.Build.0 = Debug|x64
		{21DEEEE0-AFA5-4D15-A12A-2A730ADF675C}.Debug|x86.ActiveCfg = Debug|Win32
		{21DEEEE0-AFA5-4D15-A12A-2A730ADF675C}.Debug|x86.Build.0 = Debug|Win32
		{21DEEEE0-AFA5-4D15-A12A-2A730ADF675C}.Release|x64.ActiveCfg = Release|x64
		{21DEEEE0-AFA5-4D15-A12A-2A730ADF675C}.Release|x64.Build.0 = Release|x64
		{21DEEEE0-AFA5-4D15-A12A-2A730ADF675C}.Release|x86.ActiveCfg = Release|Win32
		{21DEEEE0-AFA5-4D15-A12A-2A730ADF675C}.Release|x86.Build.0 = Release|Win32
	EndGlobalSection
	GlobalSection(SolutionProperties) = preSolution
		HideSolutionNode = FALSE
	EndGlobalSection
	GlobalSection(ExtensibilityGlobals) = postSolution
		SolutionGuid = {A7097694-C1D0-4F38-81FD-08F658CE5BD9}
	EndGlobalSection
EndGlobal
